
Microsoft Visual Studio Solution File, Format Version 12.00
# Visual Studio Version 16
VisualStudioVersion = 16.0.28803.202
MinimumVisualStudioVersion = 10.0.40219.1
Project("{9A19103F-16F7-4668-BE54-9A1E7A4F7556}") = "EmployeesManager.Tests", "EmployeesManager.Tests\EmployeesManager.Tests.csproj", "{D2B3D574-098B-4418-9A76-D7987C18C92C}"
	ProjectSection(ProjectDependencies) = postProject
		{14ECA616-5AD6-43B6-83CE-9AAC87F05474} = {14ECA616-5AD6-43B6-83CE-9AAC87F05474}
		{A007F62F-74D0-47E8-A20C-8B549FFC74D8} = {A007F62F-74D0-47E8-A20C-8B549FFC74D8}
	EndProjectSection
EndProject
Project("{9A19103F-16F7-4668-BE54-9A1E7A4F7556}") = "EmployeesManager.Core", "EmployeesManager.Core\EmployeesManager.Core.csproj", "{A007F62F-74D0-47E8-A20C-8B549FFC74D8}"
EndProject
Project("{9A19103F-16F7-4668-BE54-9A1E7A4F7556}") = "EmployeesManager.Infrastructure", "EmployeesManager.Infrastructure\EmployeesManager.Infrastructure.csproj", "{14ECA616-5AD6-43B6-83CE-9AAC87F05474}"
	ProjectSection(ProjectDependencies) = postProject
		{A007F62F-74D0-47E8-A20C-8B549FFC74D8} = {A007F62F-74D0-47E8-A20C-8B549FFC74D8}
	EndProjectSection
EndProject
Project("{FAE04EC0-301F-11D3-BF4B-00C04F79EFBC}") = "EmployeesManager.Web", "EmployeesManager.Web\EmployeesManager.Web.csproj", "{C3FD107D-81BA-49DE-B9CB-F358C9707544}"
	ProjectSection(ProjectDependencies) = postProject
		{14ECA616-5AD6-43B6-83CE-9AAC87F05474} = {14ECA616-5AD6-43B6-83CE-9AAC87F05474}
		{A007F62F-74D0-47E8-A20C-8B549FFC74D8} = {A007F62F-74D0-47E8-A20C-8B549FFC74D8}
	EndProjectSection
EndProject
Global
	GlobalSection(SolutionConfigurationPlatforms) = preSolution
		Debug|Any CPU = Debug|Any CPU
		Release|Any CPU = Release|Any CPU
	EndGlobalSection
	GlobalSection(ProjectConfigurationPlatforms) = postSolution
		{D2B3D574-098B-4418-9A76-D7987C18C92C}.Debug|Any CPU.ActiveCfg = Debug|Any CPU
		{D2B3D574-098B-4418-9A76-D7987C18C92C}.Debug|Any CPU.Build.0 = Debug|Any CPU
		{D2B3D574-098B-4418-9A76-D7987C18C92C}.Release|Any CPU.ActiveCfg = Release|Any CPU
		{D2B3D574-098B-4418-9A76-D7987C18C92C}.Release|Any CPU.Build.0 = Release|Any CPU
		{A007F62F-74D0-47E8-A20C-8B549FFC74D8}.Debug|Any CPU.ActiveCfg = Debug|Any CPU
		{A007F62F-74D0-47E8-A20C-8B549FFC74D8}.Debug|Any CPU.Build.0 = Debug|Any CPU
		{A007F62F-74D0-47E8-A20C-8B549FFC74D8}.Release|Any CPU.ActiveCfg = Release|Any CPU
		{A007F62F-74D0-47E8-A20C-8B549FFC74D8}.Release|Any CPU.Build.0 = Release|Any CPU
		{14ECA616-5AD6-43B6-83CE-9AAC87F05474}.Debug|Any CPU.ActiveCfg = Debug|Any CPU
		{14ECA616-5AD6-43B6-83CE-9AAC87F05474}.Debug|Any CPU.Build.0 = Debug|Any CPU
		{14ECA616-5AD6-43B6-83CE-9AAC87F05474}.Release|Any CPU.ActiveCfg = Release|Any CPU
		{14ECA616-5AD6-43B6-83CE-9AAC87F05474}.Release|Any CPU.Build.0 = Release|Any CPU
		{C3FD107D-81BA-49DE-B9CB-F358C9707544}.Debug|Any CPU.ActiveCfg = Debug|Any CPU
		{C3FD107D-81BA-49DE-B9CB-F358C9707544}.Debug|Any CPU.Build.0 = Debug|Any CPU
		{C3FD107D-81BA-49DE-B9CB-F358C9707544}.Release|Any CPU.ActiveCfg = Release|Any CPU
		{C3FD107D-81BA-49DE-B9CB-F358C9707544}.Release|Any CPU.Build.0 = Release|Any CPU
	EndGlobalSection
	GlobalSection(SolutionProperties) = preSolution
		HideSolutionNode = FALSE
	EndGlobalSection
	GlobalSection(ExtensibilityGlobals) = postSolution
		SolutionGuid = {18984B8B-0266-4BAD-8AD0-CD0F71BEDDDA}
	EndGlobalSection
EndGlobal
